
Microsoft Visual Studio Solution File, Format Version 12.00
# Visual Studio Version 17
VisualStudioVersion = 17.7.34003.232
MinimumVisualStudioVersion = 10.0.40219.1
Project("{9A19103F-16F7-4668-BE54-9A1E7A4F7556}") = "SampleProject", "SampleProject\SampleProject.csproj", "{BBC6C027-4897-4894-AA79-88D431AF5404}"
	ProjectSection(ProjectDependencies) = postProject
		{38C65D04-9577-4F71-97BF-0EA5AA911365} = {38C65D04-9577-4F71-97BF-0EA5AA911365}
		{48611518-AA61-46D0-8534-8246C55C3A5C} = {48611518-AA61-46D0-8534-8246C55C3A5C}
		{ED9C7C25-6867-4293-9525-3D332B57328B} = {ED9C7C25-6867-4293-9525-3D332B57328B}
	EndProjectSection
EndProject
Project("{2150E333-8FDC-42A3-9474-1A3956D46DE8}") = "src", "src", "{28CEFA3E-77A1-4FA7-829C-A3A4A5841C06}"
EndProject
Project("{2150E333-8FDC-42A3-9474-1A3956D46DE8}") = "_common", "_common", "{52BC07AA-073D-455C-B815-A460B9275854}"
EndProject
Project("{2150E333-8FDC-42A3-9474-1A3956D46DE8}") = "api", "api", "{B2567169-7B1D-42CA-AD6F-096CBF130DEA}"
EndProject
Project("{2150E333-8FDC-42A3-9474-1A3956D46DE8}") = "core", "core", "{9DE1EC1A-CB8F-4705-B482-1C1E581A5926}"
EndProject
Project("{2150E333-8FDC-42A3-9474-1A3956D46DE8}") = "infrastructure", "infrastructure", "{9EC6FE55-DBF4-401A-869E-337975480A10}"
EndProject
Project("{2150E333-8FDC-42A3-9474-1A3956D46DE8}") = "persistance", "persistance", "{77D40F12-AAD4-4BC1-BE70-5CF734CC83FF}"
EndProject
Project("{2150E333-8FDC-42A3-9474-1A3956D46DE8}") = "test", "test", "{DC03E853-D020-4BC1-97A6-F7393F6F8A0D}"
EndProject
Project("{9A19103F-16F7-4668-BE54-9A1E7A4F7556}") = "Common.Options", "Common.Options\Common.Options.csproj", "{5CEA9580-3D0C-43CE-808C-9FF218764E86}"
EndProject
Project("{9A19103F-16F7-4668-BE54-9A1E7A4F7556}") = "Common.Shared", "Common.Shared\Common.Shared.csproj", "{A3018563-10A9-42CA-AE03-D092499B1B7F}"
EndProject
Project("{2150E333-8FDC-42A3-9474-1A3956D46DE8}") = "application", "application", "{A1F64E14-BC6B-46EA-8D9C-9E42B695F333}"
EndProject
Project("{FAE04EC0-301F-11D3-BF4B-00C04F79EFBC}") = "SampleProject.Application", "SampleProject.Application\SampleProject.Application.csproj", "{38C65D04-9577-4F71-97BF-0EA5AA911365}"
	ProjectSection(ProjectDependencies) = postProject
		{4402F114-42DA-4F4C-807F-6E4B455DCEA0} = {4402F114-42DA-4F4C-807F-6E4B455DCEA0}
		{5CEA9580-3D0C-43CE-808C-9FF218764E86} = {5CEA9580-3D0C-43CE-808C-9FF218764E86}
		{A3018563-10A9-42CA-AE03-D092499B1B7F} = {A3018563-10A9-42CA-AE03-D092499B1B7F}
	EndProjectSection
EndProject
Project("{2150E333-8FDC-42A3-9474-1A3956D46DE8}") = "domain", "domain", "{294909A2-A133-4F1F-BFB0-7C204C178635}"
EndProject
Project("{FAE04EC0-301F-11D3-BF4B-00C04F79EFBC}") = "SampleProject.Domain", "SampleProject.Domain\SampleProject.Domain.csproj", "{4402F114-42DA-4F4C-807F-6E4B455DCEA0}"
	ProjectSection(ProjectDependencies) = postProject
		{5CEA9580-3D0C-43CE-808C-9FF218764E86} = {5CEA9580-3D0C-43CE-808C-9FF218764E86}
		{A3018563-10A9-42CA-AE03-D092499B1B7F} = {A3018563-10A9-42CA-AE03-D092499B1B7F}
	EndProjectSection
EndProject
Project("{FAE04EC0-301F-11D3-BF4B-00C04F79EFBC}") = "SampleProject.Infrastructure", "SampleProject.Infrastructure\SampleProject.Infrastructure.csproj", "{48611518-AA61-46D0-8534-8246C55C3A5C}"
	ProjectSection(ProjectDependencies) = postProject
		{38C65D04-9577-4F71-97BF-0EA5AA911365} = {38C65D04-9577-4F71-97BF-0EA5AA911365}
	EndProjectSection
EndProject
Project("{FAE04EC0-301F-11D3-BF4B-00C04F79EFBC}") = "SampleProject.Persistence", "SampleProject.Persistence\SampleProject.Persistence.csproj", "{ED9C7C25-6867-4293-9525-3D332B57328B}"
	ProjectSection(ProjectDependencies) = postProject
		{38C65D04-9577-4F71-97BF-0EA5AA911365} = {38C65D04-9577-4F71-97BF-0EA5AA911365}
	EndProjectSection
EndProject
Project("{FAE04EC0-301F-11D3-BF4B-00C04F79EFBC}") = "SampleProject.Test", "SampleProject.Test\SampleProject.Test.csproj", "{C8F910F6-AB47-4A8E-8B2B-0B6258A59DB1}"
	ProjectSection(ProjectDependencies) = postProject
		{BBC6C027-4897-4894-AA79-88D431AF5404} = {BBC6C027-4897-4894-AA79-88D431AF5404}
	EndProjectSection
EndProject
Global
	GlobalSection(SolutionConfigurationPlatforms) = preSolution
		Debug|Any CPU = Debug|Any CPU
		Release|Any CPU = Release|Any CPU
	EndGlobalSection
	GlobalSection(ProjectConfigurationPlatforms) = postSolution
		{BBC6C027-4897-4894-AA79-88D431AF5404}.Debug|Any CPU.ActiveCfg = Debug|Any CPU
		{BBC6C027-4897-4894-AA79-88D431AF5404}.Debug|Any CPU.Build.0 = Debug|Any CPU
		{BBC6C027-4897-4894-AA79-88D431AF5404}.Release|Any CPU.ActiveCfg = Release|Any CPU
		{BBC6C027-4897-4894-AA79-88D431AF5404}.Release|Any CPU.Build.0 = Release|Any CPU
		{5CEA9580-3D0C-43CE-808C-9FF218764E86}.Debug|Any CPU.ActiveCfg = Debug|Any CPU
		{5CEA9580-3D0C-43CE-808C-9FF218764E86}.Debug|Any CPU.Build.0 = Debug|Any CPU
		{5CEA9580-3D0C-43CE-808C-9FF218764E86}.Release|Any CPU.ActiveCfg = Release|Any CPU
		{5CEA9580-3D0C-43CE-808C-9FF218764E86}.Release|Any CPU.Build.0 = Release|Any CPU
		{A3018563-10A9-42CA-AE03-D092499B1B7F}.Debug|Any CPU.ActiveCfg = Debug|Any CPU
		{A3018563-10A9-42CA-AE03-D092499B1B7F}.Debug|Any CPU.Build.0 = Debug|Any CPU
		{A3018563-10A9-42CA-AE03-D092499B1B7F}.Release|Any CPU.ActiveCfg = Release|Any CPU
		{A3018563-10A9-42CA-AE03-D092499B1B7F}.Release|Any CPU.Build.0 = Release|Any CPU
		{38C65D04-9577-4F71-97BF-0EA5AA911365}.Debug|Any CPU.ActiveCfg = Debug|Any CPU
		{38C65D04-9577-4F71-97BF-0EA5AA911365}.Debug|Any CPU.Build.0 = Debug|Any CPU
		{38C65D04-9577-4F71-97BF-0EA5AA911365}.Release|Any CPU.ActiveCfg = Release|Any CPU
		{38C65D04-9577-4F71-97BF-0EA5AA911365}.Release|Any CPU.Build.0 = Release|Any CPU
		{4402F114-42DA-4F4C-807F-6E4B455DCEA0}.Debug|Any CPU.ActiveCfg = Debug|Any CPU
		{4402F114-42DA-4F4C-807F-6E4B455DCEA0}.Debug|Any CPU.Build.0 = Debug|Any CPU
		{4402F114-42DA-4F4C-807F-6E4B455DCEA0}.Release|Any CPU.ActiveCfg = Release|Any CPU
		{4402F114-42DA-4F4C-807F-6E4B455DCEA0}.Release|Any CPU.Build.0 = Release|Any CPU
		{48611518-AA61-46D0-8534-8246C55C3A5C}.Debug|Any CPU.ActiveCfg = Debug|Any CPU
		{48611518-AA61-46D0-8534-8246C55C3A5C}.Debug|Any CPU.Build.0 = Debug|Any CPU
		{48611518-AA61-46D0-8534-8246C55C3A5C}.Release|Any CPU.ActiveCfg = Release|Any CPU
		{48611518-AA61-46D0-8534-8246C55C3A5C}.Release|Any CPU.Build.0 = Release|Any CPU
		{ED9C7C25-6867-4293-9525-3D332B57328B}.Debug|Any CPU.ActiveCfg = Debug|Any CPU
		{ED9C7C25-6867-4293-9525-3D332B57328B}.Debug|Any CPU.Build.0 = Debug|Any CPU
		{ED9C7C25-6867-4293-9525-3D332B57328B}.Release|Any CPU.ActiveCfg = Release|Any CPU
		{ED9C7C25-6867-4293-9525-3D332B57328B}.Release|Any CPU.Build.0 = Release|Any CPU
		{C8F910F6-AB47-4A8E-8B2B-0B6258A59DB1}.Debug|Any CPU.ActiveCfg = Debug|Any CPU
		{C8F910F6-AB47-4A8E-8B2B-0B6258A59DB1}.Debug|Any CPU.Build.0 = Debug|Any CPU
		{C8F910F6-AB47-4A8E-8B2B-0B6258A59DB1}.Release|Any CPU.ActiveCfg = Release|Any CPU
		{C8F910F6-AB47-4A8E-8B2B-0B6258A59DB1}.Release|Any CPU.Build.0 = Release|Any CPU
	EndGlobalSection
	GlobalSection(SolutionProperties) = preSolution
		HideSolutionNode = FALSE
	EndGlobalSection
	GlobalSection(NestedProjects) = preSolution
		{BBC6C027-4897-4894-AA79-88D431AF5404} = {B2567169-7B1D-42CA-AD6F-096CBF130DEA}
		{52BC07AA-073D-455C-B815-A460B9275854} = {28CEFA3E-77A1-4FA7-829C-A3A4A5841C06}
		{B2567169-7B1D-42CA-AD6F-096CBF130DEA} = {28CEFA3E-77A1-4FA7-829C-A3A4A5841C06}
		{9DE1EC1A-CB8F-4705-B482-1C1E581A5926} = {28CEFA3E-77A1-4FA7-829C-A3A4A5841C06}
		{9EC6FE55-DBF4-401A-869E-337975480A10} = {28CEFA3E-77A1-4FA7-829C-A3A4A5841C06}
		{77D40F12-AAD4-4BC1-BE70-5CF734CC83FF} = {28CEFA3E-77A1-4FA7-829C-A3A4A5841C06}
		{5CEA9580-3D0C-43CE-808C-9FF218764E86} = {52BC07AA-073D-455C-B815-A460B9275854}
		{A3018563-10A9-42CA-AE03-D092499B1B7F} = {52BC07AA-073D-455C-B815-A460B9275854}
		{A1F64E14-BC6B-46EA-8D9C-9E42B695F333} = {9DE1EC1A-CB8F-4705-B482-1C1E581A5926}
		{38C65D04-9577-4F71-97BF-0EA5AA911365} = {A1F64E14-BC6B-46EA-8D9C-9E42B695F333}
		{294909A2-A133-4F1F-BFB0-7C204C178635} = {9DE1EC1A-CB8F-4705-B482-1C1E581A5926}
		{4402F114-42DA-4F4C-807F-6E4B455DCEA0} = {294909A2-A133-4F1F-BFB0-7C204C178635}
		{48611518-AA61-46D0-8534-8246C55C3A5C} = {9EC6FE55-DBF4-401A-869E-337975480A10}
		{ED9C7C25-6867-4293-9525-3D332B57328B} = {77D40F12-AAD4-4BC1-BE70-5CF734CC83FF}
		{C8F910F6-AB47-4A8E-8B2B-0B6258A59DB1} = {DC03E853-D020-4BC1-97A6-F7393F6F8A0D}
	EndGlobalSection
	GlobalSection(ExtensibilityGlobals) = postSolution
		SolutionGuid = {20A70FFF-6B99-4477-9FB1-5AE721D70569}
	EndGlobalSection
EndGlobal
